
Microsoft Visual Studio Solution File, Format Version 12.00
# Visual Studio Version 16
VisualStudioVersion = 16.0.29102.190
MinimumVisualStudioVersion = 10.0.40219.1
Project("{FAE04EC0-301F-11D3-BF4B-00C04F79EFBC}") = "ViewTips", "ViewTips\ViewTips.csproj", "{660A2280-9D91-4D84-848B-3F4906CB3C77}"
EndProject
Project("{FAE04EC0-301F-11D3-BF4B-00C04F79EFBC}") = "AjaxSample", "AjaxSample\AjaxSample.csproj", "{4B8F88B8-5701-4A5C-B5AC-47C2C59774E6}"
EndProject
Global
	GlobalSection(SolutionConfigurationPlatforms) = preSolution
		Debug|Any CPU = Debug|Any CPU
		Release|Any CPU = Release|Any CPU
	EndGlobalSection
	GlobalSection(ProjectConfigurationPlatforms) = postSolution
		{660A2280-9D91-4D84-848B-3F4906CB3C77}.Debug|Any CPU.ActiveCfg = Debug|Any CPU
		{660A2280-9D91-4D84-848B-3F4906CB3C77}.Debug|Any CPU.Build.0 = Debug|Any CPU
		{660A2280-9D91-4D84-848B-3F4906CB3C77}.Release|Any CPU.ActiveCfg = Release|Any CPU
		{660A2280-9D91-4D84-848B-3F4906CB3C77}.Release|Any CPU.Build.0 = Release|Any CPU
		{4B8F88B8-5701-4A5C-B5AC-47C2C59774E6}.Debug|Any CPU.ActiveCfg = Debug|Any CPU
		{4B8F88B8-5701-4A5C-B5AC-47C2C59774E6}.Debug|Any CPU.Build.0 = Debug|Any CPU
		{4B8F88B8-5701-4A5C-B5AC-47C2C59774E6}.Release|Any CPU.ActiveCfg = Release|Any CPU
		{4B8F88B8-5701-4A5C-B5AC-47C2C59774E6}.Release|Any CPU.Build.0 = Release|Any CPU
	EndGlobalSection
	GlobalSection(SolutionProperties) = preSolution
		HideSolutionNode = FALSE
	EndGlobalSection
	GlobalSection(ExtensibilityGlobals) = postSolution
		SolutionGuid = {104A4148-8340-4158-A959-249658929FEA}
	EndGlobalSection
EndGlobal
